
Microsoft Visual Studio Solution File, Format Version 12.00
# Visual Studio Version 17
VisualStudioVersion = 17.6.33801.468
MinimumVisualStudioVersion = 10.0.40219.1
Project("{FAE04EC0-301F-11D3-BF4B-00C04F79EFBC}") = "Unommer", "Unommer.csproj", "{C942A80A-94A1-40E7-AD73-44FF0A4308BD}"
EndProject
Global
	GlobalSection(SolutionConfigurationPlatforms) = preSolution
		Debug|Any CPU = Debug|Any CPU
		Release|Any CPU = Release|Any CPU
	EndGlobalSection
	GlobalSection(ProjectConfigurationPlatforms) = postSolution
		{C942A80A-94A1-40E7-AD73-44FF0A4308BD}.Debug|Any CPU.ActiveCfg = Debug|Any CPU
		{C942A80A-94A1-40E7-AD73-44FF0A4308BD}.Debug|Any CPU.Build.0 = Debug|Any CPU
		{C942A80A-94A1-40E7-AD73-44FF0A4308BD}.Release|Any CPU.ActiveCfg = Release|Any CPU
		{C942A80A-94A1-40E7-AD73-44FF0A4308BD}.Release|Any CPU.Build.0 = Release|Any CPU
	EndGlobalSection
	GlobalSection(SolutionProperties) = preSolution
		HideSolutionNode = FALSE
	EndGlobalSection
	GlobalSection(ExtensibilityGlobals) = postSolution
		SolutionGuid = {C094AC04-51B0-4D54-B2AB-699CFBE32CC0}
	EndGlobalSection
EndGlobal
